
Microsoft Visual Studio Solution File, Format Version 12.00
# Visual Studio Version 16
VisualStudioVersion = 16.0.31624.102
MinimumVisualStudioVersion = 10.0.40219.1
Project("{8BC9CEB8-8B4A-11D0-8D11-00A0C91BC942}") = "LАB-02", "LАB-02\LАB-02.vcxproj", "{7428D84B-A928-4801-B3BB-2E1F27210626}"
EndProject
Global
	GlobalSection(SolutionConfigurationPlatforms) = preSolution
		Debug|x64 = Debug|x64
		Debug|x86 = Debug|x86
		Release|x64 = Release|x64
		Release|x86 = Release|x86
	EndGlobalSection
	GlobalSection(ProjectConfigurationPlatforms) = postSolution
		{7428D84B-A928-4801-B3BB-2E1F27210626}.Debug|x64.ActiveCfg = Debug|x64
		{7428D84B-A928-4801-B3BB-2E1F27210626}.Debug|x64.Build.0 = Debug|x64
		{7428D84B-A928-4801-B3BB-2E1F27210626}.Debug|x86.ActiveCfg = Debug|Win32
		{7428D84B-A928-4801-B3BB-2E1F27210626}.Debug|x86.Build.0 = Debug|Win32
		{7428D84B-A928-4801-B3BB-2E1F27210626}.Release|x64.ActiveCfg = Release|x64
		{7428D84B-A928-4801-B3BB-2E1F27210626}.Release|x64.Build.0 = Release|x64
		{7428D84B-A928-4801-B3BB-2E1F27210626}.Release|x86.ActiveCfg = Release|Win32
		{7428D84B-A928-4801-B3BB-2E1F27210626}.Release|x86.Build.0 = Release|Win32
	EndGlobalSection
	GlobalSection(SolutionProperties) = preSolution
		HideSolutionNode = FALSE
	EndGlobalSection
	GlobalSection(ExtensibilityGlobals) = postSolution
		SolutionGuid = {276B4995-F14D-4098-99B4-F2D6C4816AA6}
	EndGlobalSection
EndGlobal
